{
  "nodes": {
    "flake-utils": {
      "locked": {
        "lastModified": 1676283394,
        "narHash": "sha256-XX2f9c3iySLCw54rJ/CZs+ZK6IQy7GXNY4nSOyu2QG4=",
        "owner": "numtide",
        "repo": "flake-utils",
        "rev": "3db36a8b464d0c4532ba1c7dda728f4576d6d073",
        "type": "github"
      },
      "original": {
        "owner": "numtide",
        "repo": "flake-utils",
        "type": "github"
      }
    },
    "nixpkgs": {
      "locked": {
        "lastModified": 1678472291,
        "narHash": "sha256-gzEi1yGM8Ajczst6U547x3atQ53YeRGcqRt7gwyJwvk=",
        "owner": "jlesquembre",
        "repo": "nixpkgs",
        "rev": "b8edfd746ffe8b369bcae851cb3f87fb1361b1fc",
        "type": "github"
      },
      "original": {
        "owner": "jlesquembre",
        "ref": "share-nixpkgs",
        "repo": "nixpkgs",
        "type": "github"
      }
    },
    "root": {
      "inputs": {
        "flake-utils": "flake-utils",
        "nixpkgs": "nixpkgs"
      }
    }
  },
  "root": "root",
  "version": 7
}
